github.com/StackExchange/wmi v0.0.0-20190523213315-cbe66965904d/go.mod h1:3eOhrUMpNV+6aFIbp5/iudMxNCF27Vw2OZgy4xEx0Fg=
github.com/go-ole/go-ole v1.2.4/go.mod h1:XCwSNxSkXRo4vlyPy93sltvi/qJq0jqQhjqQNIwKuxM=
github.com/google/gousb v0.0.0-20190525092738-2dc560e6bea3/go.mod h1:Tl4HdAs1ThE3gECkNwz+1MWicX6FXddhJEw7L8jRDiI=
github.com/maruel/ansi256 v1.0.0 h1:HEUR2vV+gi/Uat8dE+rZ7r+7GZaOkyHD898leivLEeE=
github.com/maruel/ansi256 v1.0.0/go.mod h1:TRJwQ7LqnqgZq0zP9lRNEO9hlwgPbUy5JY6dc0d442k=
github.com/maruel/fastbezier v1.0.0 h1:ImBKKaW7CKTW+2IihO26o8EAn68XunYO8YBnebezSJg=
github.com/maruel/fastbezier v1.0.0/go.mod h1:/XgAxrOGEO0bbSDU/IWYcEa8/rwRKktTMGMgGCf/FjE=
github.com/mattn/go-colorable v0.1.2 h1:/bC9yWikZXAL9uJdulbSfyVNIR3n3trXl+v8+1sx8mU=
github.com/mattn/go-colorable v0.1.2/go.mod h1:U0ppj6V5qS13XJ6of8GYAs25YV2eR4EVcfRqFIhoBtE=
github.com/mattn/go-isatty v0.0.8 h1:HLtExJ+uU2HOZ+wI0Tt5DtUDrx8yhUqDcp7fYERX4CE=
github.com/mattn/go-isatty v0.0.8/go.mod h1:Iq45c/XA43vh69/j3iqttzPXn0bhXyGjM0Hdxcsrc5s=
golang.org/x/sys v0.0.0-20190222072716-a9d3bda3a223 h1:DH4skfRX4EBpamg7iV4ZlCpblAHI6s6TDM39bFZumv8=
golang.org/x/sys v0.0.0-20190222072716-a9d3bda3a223/go.mod h1:STP8DvDyc/dI5b8T5hshtkjS+E42TnysNCUPdjciGhY=
periph.io/x/extra v0.0.0-20200225150845-c5a4b83ade91 h1:4aaagghFuyxiF9Ty5YTrEwXhwtK4SHgUzWXgzO+Lq7o=
periph.io/x/extra v0.0.0-20200225150845-c5a4b83ade91/go.mod h1:kTyJlxrmvqQ5e5/77r9TCE1YWyxVpYBYt8nnB3E5Xgo=
periph.io/x/periph v1.0.0 h1:bwoS1Re14o6WinWbTuZuwX9Yh/5Rco4iNCl/CA+Kca8=
periph.io/x/periph v3.6.2+incompatible/go.mod h1:EWr+FCIU2dBWz5/wSWeiIUJTriYv9v2j2ENBmgYyy7Y=
periph.io/x/periph v3.6.4+incompatible h1:8FyXTbu9lcMVofz8mf+cj1pzTLN4V6EuPY2EF+DoJF4=
periph.io/x/periph v3.6.4+incompatible/go.mod h1:EWr+FCIU2dBWz5/wSWeiIUJTriYv9v2j2ENBmgYyy7Y=
