github.com/jonboulle/clockwork v0.3.0 h1:9BSCMi8C+0qdApAp4auwX0RkLGUjs956h0EkuQymUhg=
github.com/jonboulle/clockwork v0.3.0/go.mod h1:Pkfl5aHPm1nk2H9h0bjmnJD/BcgbGXUBGnn1kMkgxc8=
github.com/maruel/ansi256 v1.0.2 h1:AE5gYrrZ5vQaFTTwy5vxva8Bak7p7wID3Uqu3t1j3No=
github.com/maruel/ansi256 v1.0.2/go.mod h1:x7uow2KFkUgjdzvYHyfZuMEOTGKvCYLyVUHIVg1vYic=
github.com/maruel/fastbezier v1.0.1 h1:q2LyrxIhiNvAC3r29MM4TnCrm+oGW/+2EKIefKnqfPM=
github.com/maruel/fastbezier v1.0.1/go.mod h1:hlhagnOQw/T9XpZpXv1BjHXbgJfm1IHZ+oSp1N9yEn8=
github.com/mattn/go-colorable v0.1.13 h1:fFA4WZxdEF4tXPZVKMLwD8oUnCTTo08duU7wxecdEvA=
github.com/mattn/go-colorable v0.1.13/go.mod h1:7S9/ev0klgBDR4GtXTXX8a3vIGJpMovkB8vQcUbaXHg=
github.com/mattn/go-isatty v0.0.16/go.mod h1:kYGgaQfpe5nmfYZH+SKPsOc2e4SrIfOl2e/yFXSvRLM=
github.com/mattn/go-isatty v0.0.20 h1:xfD0iDuEKnDkl03q4limB+vH+GxLEtL/jb4xVJSWWEY=
github.com/mattn/go-isatty v0.0.20/go.mod h1:W+V8PltTTMOvKvAeJH7IuucS94S2C6jfK/D7dTCTo3Y=
golang.org/x/sys v0.0.0-20220811171246-fbc7d0a398ab/go.mod h1:oPkhp1MJrh7nUepCBck5+mAzfO9JrbApNNgaTdGDITg=
golang.org/x/sys v0.6.0/go.mod h1:oPkhp1MJrh7nUepCBck5+mAzfO9JrbApNNgaTdGDITg=
golang.org/x/sys v0.13.0 h1:Af8nKPmuFypiUBjVoU9V20FiaFXOcuZI21p0ycVYYGE=
golang.org/x/sys v0.13.0/go.mod h1:oPkhp1MJrh7nUepCBck5+mAzfO9JrbApNNgaTdGDITg=
periph.io/x/conn/v3 v3.7.0 h1:f1EXLn4pkf7AEWwkol2gilCNZ0ElY+bxS4WE2PQXfrA=
periph.io/x/conn/v3 v3.7.0/go.mod h1:ypY7UVxgDbP9PJGwFSVelRRagxyXYfttVh7hJZUHEhg=
periph.io/x/devices/v3 v3.7.1 h1:BsExlfYJlZUZoawzpMF7ksgC9f1eBAdqvKRCGvb+VYw=
periph.io/x/devices/v3 v3.7.1/go.mod h1:ezQOe8WknDaMbKZXVwQUQkIauyLyJshwAHkIohHXA94=
periph.io/x/host/v3 v3.8.2 h1:ayKUDzgUCN0g8+/xM9GTkWaOBhSLVcVHGTfjAOi8OsQ=
periph.io/x/host/v3 v3.8.2/go.mod h1:yFL76AesNHR68PboofSWYaQTKmvPXsQH2Apvp/ls/K4=
